# This file is automatically @generated by Cargo.
# It is not intended for manual editing.
version = 4

[[package]]
name = "anyhow"
version = "1.0.34"
source = "registry+https://github.com/rust-lang/crates.io-index"
checksum = "bf8dcb5b4bbaa28653b647d8c77bd4ed40183b48882e130c1f1ffb73de069fd7"

[[package]]
name = "generator"
version = "0.1.0"
dependencies = [
 "anyhow",
 "isnt",
]

[[package]]
name = "isnt"
version = "0.1.0"
source = "registry+https://github.com/rust-lang/crates.io-index"
checksum = "2a7558cc96ddcaf0b4144d7149984ace2899bb29d4ee2999979d429efc305200"
